
Microsoft Visual Studio Solution File, Format Version 12.00
# Visual Studio 15
VisualStudioVersion = 15.0.26730.16
MinimumVisualStudioVersion = 10.0.40219.1
Project("{FAE04EC0-301F-11D3-BF4B-00C04F79EFBC}") = "Gerenciador Configuracao", "Gerenciador Configuracao\Gerenciador Configuracao.csproj", "{A0BE6C2E-F5A2-4134-B2AA-C7E59D73059D}"
EndProject
Global
	GlobalSection(SolutionConfigurationPlatforms) = preSolution
		Debug|Any CPU = Debug|Any CPU
		Release|Any CPU = Release|Any CPU
	EndGlobalSection
	GlobalSection(ProjectConfigurationPlatforms) = postSolution
		{A0BE6C2E-F5A2-4134-B2AA-C7E59D73059D}.Debug|Any CPU.ActiveCfg = Debug|Any CPU
		{A0BE6C2E-F5A2-4134-B2AA-C7E59D73059D}.Debug|Any CPU.Build.0 = Debug|Any CPU
		{A0BE6C2E-F5A2-4134-B2AA-C7E59D73059D}.Release|Any CPU.ActiveCfg = Release|Any CPU
		{A0BE6C2E-F5A2-4134-B2AA-C7E59D73059D}.Release|Any CPU.Build.0 = Release|Any CPU
	EndGlobalSection
	GlobalSection(SolutionProperties) = preSolution
		HideSolutionNode = FALSE
	EndGlobalSection
	GlobalSection(ExtensibilityGlobals) = postSolution
		SolutionGuid = {629F484E-104B-47E5-8AC7-FB61C9149312}
	EndGlobalSection
EndGlobal
