
Microsoft Visual Studio Solution File, Format Version 12.00
# Visual Studio 15
VisualStudioVersion = 15.0.26730.16
MinimumVisualStudioVersion = 10.0.40219.1
Project("{2150E333-8FDC-42A3-9474-1A3956D46DE8}") = "1 - Design", "1 - Design", "{F756D43A-4AAD-475B-9927-79073922395D}"
EndProject
Project("{2150E333-8FDC-42A3-9474-1A3956D46DE8}") = "3-Domain", "3-Domain", "{21A32C6A-D4F5-484B-893E-39A0EA18D3FB}"
EndProject
Project("{2150E333-8FDC-42A3-9474-1A3956D46DE8}") = "2-Driven", "2-Driven", "{5DA4DB14-12CC-4D2D-BC74-CBC086A34B09}"
EndProject
Project("{FAE04EC0-301F-11D3-BF4B-00C04F79EFBC}") = "Infra", "Infra\Infra.csproj", "{9EC51455-46AC-479D-8E49-2367570EA11E}"
EndProject
Project("{FAE04EC0-301F-11D3-BF4B-00C04F79EFBC}") = "DTO", "DTO\DTO.csproj", "{6542BE64-54A5-4152-820C-A05ACA65EA01}"
EndProject
Project("{2150E333-8FDC-42A3-9474-1A3956D46DE8}") = "4 - Tests", "4 - Tests", "{EF2B50FC-4911-4A0E-B597-397990CD3601}"
EndProject
Project("{FAE04EC0-301F-11D3-BF4B-00C04F79EFBC}") = "Tests", "Tests\Tests.csproj", "{99D959E7-44F6-4B63-BDBF-43A1A9BDD38E}"
EndProject
Project("{FAE04EC0-301F-11D3-BF4B-00C04F79EFBC}") = "AppCliente", "AppCliente\AppCliente.csproj", "{404A03F5-9362-4D3E-BF3D-03EF1C86290A}"
EndProject
Project("{FAE04EC0-301F-11D3-BF4B-00C04F79EFBC}") = "WebAPI", "WebAPI\WebAPI.csproj", "{EF325BA5-9C97-4BA7-AF60-AFA88BEBF4CA}"
EndProject
Global
	GlobalSection(SolutionConfigurationPlatforms) = preSolution
		Debug|Any CPU = Debug|Any CPU
		Debug|ARM = Debug|ARM
		Debug|x64 = Debug|x64
		Debug|x86 = Debug|x86
		Release|Any CPU = Release|Any CPU
		Release|ARM = Release|ARM
		Release|x64 = Release|x64
		Release|x86 = Release|x86
	EndGlobalSection
	GlobalSection(ProjectConfigurationPlatforms) = postSolution
		{9EC51455-46AC-479D-8E49-2367570EA11E}.Debug|Any CPU.ActiveCfg = Debug|Any CPU
		{9EC51455-46AC-479D-8E49-2367570EA11E}.Debug|Any CPU.Build.0 = Debug|Any CPU
		{9EC51455-46AC-479D-8E49-2367570EA11E}.Debug|ARM.ActiveCfg = Debug|Any CPU
		{9EC51455-46AC-479D-8E49-2367570EA11E}.Debug|ARM.Build.0 = Debug|Any CPU
		{9EC51455-46AC-479D-8E49-2367570EA11E}.Debug|x64.ActiveCfg = Debug|Any CPU
		{9EC51455-46AC-479D-8E49-2367570EA11E}.Debug|x64.Build.0 = Debug|Any CPU
		{9EC51455-46AC-479D-8E49-2367570EA11E}.Debug|x86.ActiveCfg = Debug|Any CPU
		{9EC51455-46AC-479D-8E49-2367570EA11E}.Debug|x86.Build.0 = Debug|Any CPU
		{9EC51455-46AC-479D-8E49-2367570EA11E}.Release|Any CPU.ActiveCfg = Release|Any CPU
		{9EC51455-46AC-479D-8E49-2367570EA11E}.Release|Any CPU.Build.0 = Release|Any CPU
		{9EC51455-46AC-479D-8E49-2367570EA11E}.Release|ARM.ActiveCfg = Release|Any CPU
		{9EC51455-46AC-479D-8E49-2367570EA11E}.Release|ARM.Build.0 = Release|Any CPU
		{9EC51455-46AC-479D-8E49-2367570EA11E}.Release|x64.ActiveCfg = Release|Any CPU
		{9EC51455-46AC-479D-8E49-2367570EA11E}.Release|x64.Build.0 = Release|Any CPU
		{9EC51455-46AC-479D-8E49-2367570EA11E}.Release|x86.ActiveCfg = Release|Any CPU
		{9EC51455-46AC-479D-8E49-2367570EA11E}.Release|x86.Build.0 = Release|Any CPU
		{6542BE64-54A5-4152-820C-A05ACA65EA01}.Debug|Any CPU.ActiveCfg = Debug|Any CPU
		{6542BE64-54A5-4152-820C-A05ACA65EA01}.Debug|Any CPU.Build.0 = Debug|Any CPU
		{6542BE64-54A5-4152-820C-A05ACA65EA01}.Debug|ARM.ActiveCfg = Debug|Any CPU
		{6542BE64-54A5-4152-820C-A05ACA65EA01}.Debug|ARM.Build.0 = Debug|Any CPU
		{6542BE64-54A5-4152-820C-A05ACA65EA01}.Debug|x64.ActiveCfg = Debug|Any CPU
		{6542BE64-54A5-4152-820C-A05ACA65EA01}.Debug|x64.Build.0 = Debug|Any CPU
		{6542BE64-54A5-4152-820C-A05ACA65EA01}.Debug|x86.ActiveCfg = Debug|Any CPU
		{6542BE64-54A5-4152-820C-A05ACA65EA01}.Debug|x86.Build.0 = Debug|Any CPU
		{6542BE64-54A5-4152-820C-A05ACA65EA01}.Release|Any CPU.ActiveCfg = Release|Any CPU
		{6542BE64-54A5-4152-820C-A05ACA65EA01}.Release|Any CPU.Build.0 = Release|Any CPU
		{6542BE64-54A5-4152-820C-A05ACA65EA01}.Release|ARM.ActiveCfg = Release|Any CPU
		{6542BE64-54A5-4152-820C-A05ACA65EA01}.Release|ARM.Build.0 = Release|Any CPU
		{6542BE64-54A5-4152-820C-A05ACA65EA01}.Release|x64.ActiveCfg = Release|Any CPU
		{6542BE64-54A5-4152-820C-A05ACA65EA01}.Release|x64.Build.0 = Release|Any CPU
		{6542BE64-54A5-4152-820C-A05ACA65EA01}.Release|x86.ActiveCfg = Release|Any CPU
		{6542BE64-54A5-4152-820C-A05ACA65EA01}.Release|x86.Build.0 = Release|Any CPU
		{99D959E7-44F6-4B63-BDBF-43A1A9BDD38E}.Debug|Any CPU.ActiveCfg = Debug|Any CPU
		{99D959E7-44F6-4B63-BDBF-43A1A9BDD38E}.Debug|Any CPU.Build.0 = Debug|Any CPU
		{99D959E7-44F6-4B63-BDBF-43A1A9BDD38E}.Debug|ARM.ActiveCfg = Debug|Any CPU
		{99D959E7-44F6-4B63-BDBF-43A1A9BDD38E}.Debug|ARM.Build.0 = Debug|Any CPU
		{99D959E7-44F6-4B63-BDBF-43A1A9BDD38E}.Debug|x64.ActiveCfg = Debug|Any CPU
		{99D959E7-44F6-4B63-BDBF-43A1A9BDD38E}.Debug|x64.Build.0 = Debug|Any CPU
		{99D959E7-44F6-4B63-BDBF-43A1A9BDD38E}.Debug|x86.ActiveCfg = Debug|Any CPU
		{99D959E7-44F6-4B63-BDBF-43A1A9BDD38E}.Debug|x86.Build.0 = Debug|Any CPU
		{99D959E7-44F6-4B63-BDBF-43A1A9BDD38E}.Release|Any CPU.ActiveCfg = Release|Any CPU
		{99D959E7-44F6-4B63-BDBF-43A1A9BDD38E}.Release|Any CPU.Build.0 = Release|Any CPU
		{99D959E7-44F6-4B63-BDBF-43A1A9BDD38E}.Release|ARM.ActiveCfg = Release|Any CPU
		{99D959E7-44F6-4B63-BDBF-43A1A9BDD38E}.Release|ARM.Build.0 = Release|Any CPU
		{99D959E7-44F6-4B63-BDBF-43A1A9BDD38E}.Release|x64.ActiveCfg = Release|Any CPU
		{99D959E7-44F6-4B63-BDBF-43A1A9BDD38E}.Release|x64.Build.0 = Release|Any CPU
		{99D959E7-44F6-4B63-BDBF-43A1A9BDD38E}.Release|x86.ActiveCfg = Release|Any CPU
		{99D959E7-44F6-4B63-BDBF-43A1A9BDD38E}.Release|x86.Build.0 = Release|Any CPU
		{404A03F5-9362-4D3E-BF3D-03EF1C86290A}.Debug|Any CPU.ActiveCfg = Debug|Any CPU
		{404A03F5-9362-4D3E-BF3D-03EF1C86290A}.Debug|Any CPU.Build.0 = Debug|Any CPU
		{404A03F5-9362-4D3E-BF3D-03EF1C86290A}.Debug|ARM.ActiveCfg = Debug|Any CPU
		{404A03F5-9362-4D3E-BF3D-03EF1C86290A}.Debug|ARM.Build.0 = Debug|Any CPU
		{404A03F5-9362-4D3E-BF3D-03EF1C86290A}.Debug|x64.ActiveCfg = Debug|Any CPU
		{404A03F5-9362-4D3E-BF3D-03EF1C86290A}.Debug|x64.Build.0 = Debug|Any CPU
		{404A03F5-9362-4D3E-BF3D-03EF1C86290A}.Debug|x86.ActiveCfg = Debug|Any CPU
		{404A03F5-9362-4D3E-BF3D-03EF1C86290A}.Debug|x86.Build.0 = Debug|Any CPU
		{404A03F5-9362-4D3E-BF3D-03EF1C86290A}.Release|Any CPU.ActiveCfg = Release|Any CPU
		{404A03F5-9362-4D3E-BF3D-03EF1C86290A}.Release|Any CPU.Build.0 = Release|Any CPU
		{404A03F5-9362-4D3E-BF3D-03EF1C86290A}.Release|ARM.ActiveCfg = Release|Any CPU
		{404A03F5-9362-4D3E-BF3D-03EF1C86290A}.Release|ARM.Build.0 = Release|Any CPU
		{404A03F5-9362-4D3E-BF3D-03EF1C86290A}.Release|x64.ActiveCfg = Release|Any CPU
		{404A03F5-9362-4D3E-BF3D-03EF1C86290A}.Release|x64.Build.0 = Release|Any CPU
		{404A03F5-9362-4D3E-BF3D-03EF1C86290A}.Release|x86.ActiveCfg = Release|Any CPU
		{404A03F5-9362-4D3E-BF3D-03EF1C86290A}.Release|x86.Build.0 = Release|Any CPU
		{EF325BA5-9C97-4BA7-AF60-AFA88BEBF4CA}.Debug|Any CPU.ActiveCfg = Debug|Any CPU
		{EF325BA5-9C97-4BA7-AF60-AFA88BEBF4CA}.Debug|Any CPU.Build.0 = Debug|Any CPU
		{EF325BA5-9C97-4BA7-AF60-AFA88BEBF4CA}.Debug|ARM.ActiveCfg = Debug|Any CPU
		{EF325BA5-9C97-4BA7-AF60-AFA88BEBF4CA}.Debug|ARM.Build.0 = Debug|Any CPU
		{EF325BA5-9C97-4BA7-AF60-AFA88BEBF4CA}.Debug|x64.ActiveCfg = Debug|Any CPU
		{EF325BA5-9C97-4BA7-AF60-AFA88BEBF4CA}.Debug|x64.Build.0 = Debug|Any CPU
		{EF325BA5-9C97-4BA7-AF60-AFA88BEBF4CA}.Debug|x86.ActiveCfg = Debug|Any CPU
		{EF325BA5-9C97-4BA7-AF60-AFA88BEBF4CA}.Debug|x86.Build.0 = Debug|Any CPU
		{EF325BA5-9C97-4BA7-AF60-AFA88BEBF4CA}.Release|Any CPU.ActiveCfg = Release|Any CPU
		{EF325BA5-9C97-4BA7-AF60-AFA88BEBF4CA}.Release|Any CPU.Build.0 = Release|Any CPU
		{EF325BA5-9C97-4BA7-AF60-AFA88BEBF4CA}.Release|ARM.ActiveCfg = Release|Any CPU
		{EF325BA5-9C97-4BA7-AF60-AFA88BEBF4CA}.Release|ARM.Build.0 = Release|Any CPU
		{EF325BA5-9C97-4BA7-AF60-AFA88BEBF4CA}.Release|x64.ActiveCfg = Release|Any CPU
		{EF325BA5-9C97-4BA7-AF60-AFA88BEBF4CA}.Release|x64.Build.0 = Release|Any CPU
		{EF325BA5-9C97-4BA7-AF60-AFA88BEBF4CA}.Release|x86.ActiveCfg = Release|Any CPU
		{EF325BA5-9C97-4BA7-AF60-AFA88BEBF4CA}.Release|x86.Build.0 = Release|Any CPU
	EndGlobalSection
	GlobalSection(SolutionProperties) = preSolution
		HideSolutionNode = FALSE
	EndGlobalSection
	GlobalSection(NestedProjects) = preSolution
		{9EC51455-46AC-479D-8E49-2367570EA11E} = {21A32C6A-D4F5-484B-893E-39A0EA18D3FB}
		{6542BE64-54A5-4152-820C-A05ACA65EA01} = {21A32C6A-D4F5-484B-893E-39A0EA18D3FB}
		{99D959E7-44F6-4B63-BDBF-43A1A9BDD38E} = {EF2B50FC-4911-4A0E-B597-397990CD3601}
		{404A03F5-9362-4D3E-BF3D-03EF1C86290A} = {F756D43A-4AAD-475B-9927-79073922395D}
		{EF325BA5-9C97-4BA7-AF60-AFA88BEBF4CA} = {5DA4DB14-12CC-4D2D-BC74-CBC086A34B09}
	EndGlobalSection
	GlobalSection(ExtensibilityGlobals) = postSolution
		SolutionGuid = {3DA980D9-E2AA-4FB9-8D40-96CC6379C40D}
	EndGlobalSection
EndGlobal
